// !$*UTF8*$!
{
	archiveVersion = 1;
	classes = {
	};
	objectVersion = 50;
	objects = {

/* Begin PBXBuildFile section */
		700CAE47271B07C8001CE81E /* TomatoProgressThreeColorsFramework.framework in Frameworks */ = {isa = PBXBuildFile; fileRef = 700CAE45271B07BF001CE81E /* TomatoProgressThreeColorsFramework.framework */; };
		700CAE48271B07C8001CE81E /* TomatoProgressThreeColorsFramework.framework in Embed Frameworks */ = {isa = PBXBuildFile; fileRef = 700CAE45271B07BF001CE81E /* TomatoProgressThreeColorsFramework.framework */; settings = {ATTRIBUTES = (CodeSignOnCopy, RemoveHeadersOnCopy, ); }; };
		705A7226271A808C001327A7 /* AppDelegate.swift in Sources */ = {isa = PBXBuildFile; fileRef = 705A7225271A808C001327A7 /* AppDelegate.swift */; };
		705A722F271A808D001327A7 /* Assets.xcassets in Resources */ = {isa = PBXBuildFile; fileRef = 705A722E271A808D001327A7 /* Assets.xcassets */; };
		705A7246271A81FE001327A7 /* ViewController.swift in Sources */ = {isa = PBXBuildFile; fileRef = 705A7245271A81FE001327A7 /* ViewController.swift */; };
		705A724A271A8206001327A7 /* Main.storyboard in Resources */ = {isa = PBXBuildFile; fileRef = 705A7248271A8206001327A7 /* Main.storyboard */; };
		705A724B271A8206001327A7 /* LaunchScreen.storyboard in Resources */ = {isa = PBXBuildFile; fileRef = 705A7249271A8206001327A7 /* LaunchScreen.storyboard */; };
/* End PBXBuildFile section */

/* Begin PBXContainerItemProxy section */
		700CAE44271B07BF001CE81E /* PBXContainerItemProxy */ = {
			isa = PBXContainerItemProxy;
			containerPortal = 700CAE40271B07BF001CE81E /* TomatoProgressThreeColorsFramework.xcodeproj */;
			proxyType = 2;
			remoteGlobalIDString = 700CAE14271B050B001CE81E;
			remoteInfo = TomatoProgressThreeColorsFramework;
		};
/* End PBXContainerItemProxy section */

/* Begin PBXCopyFilesBuildPhase section */
		700CAE33271B0606001CE81E /* Embed Frameworks */ = {
			isa = PBXCopyFilesBuildPhase;
			buildActionMask = 2147483647;
			dstPath = "";
			dstSubfolderSpec = 10;
			files = (
				700CAE48271B07C8001CE81E /* TomatoProgressThreeColorsFramework.framework in Embed Frameworks */,
			);
			name = "Embed Frameworks";
			runOnlyForDeploymentPostprocessing = 0;
		};
/* End PBXCopyFilesBuildPhase section */

/* Begin PBXFileReference section */
		700CAE40271B07BF001CE81E /* TomatoProgressThreeColorsFramework.xcodeproj */ = {isa = PBXFileReference; lastKnownFileType = "wrapper.pb-project"; name = TomatoProgressThreeColorsFramework.xcodeproj; path = TomatoPregressThreeColors/TomatoProgressThreeColorsFramework/TomatoProgressThreeColorsFramework.xcodeproj; sourceTree = "<group>"; };
		705A7222271A808C001327A7 /* TomatoPregressThreeColors.app */ = {isa = PBXFileReference; explicitFileType = wrapper.application; includeInIndex = 0; path = TomatoPregressThreeColors.app; sourceTree = BUILT_PRODUCTS_DIR; };
		705A7225271A808C001327A7 /* AppDelegate.swift */ = {isa = PBXFileReference; lastKnownFileType = sourcecode.swift; path = AppDelegate.swift; sourceTree = "<group>"; };
		705A722E271A808D001327A7 /* Assets.xcassets */ = {isa = PBXFileReference; lastKnownFileType = folder.assetcatalog; path = Assets.xcassets; sourceTree = "<group>"; };
		705A7233271A808D001327A7 /* Info.plist */ = {isa = PBXFileReference; lastKnownFileType = text.plist.xml; path = Info.plist; sourceTree = "<group>"; };
		705A7245271A81FE001327A7 /* ViewController.swift */ = {isa = PBXFileReference; fileEncoding = 4; lastKnownFileType = sourcecode.swift; name = ViewController.swift; path = ViewController/ViewController.swift; sourceTree = "<group>"; };
		705A7248271A8206001327A7 /* Main.storyboard */ = {isa = PBXFileReference; fileEncoding = 4; lastKnownFileType = file.storyboard; name = Main.storyboard; path = Storyboard/Main.storyboard; sourceTree = "<group>"; };
		705A7249271A8206001327A7 /* LaunchScreen.storyboard */ = {isa = PBXFileReference; fileEncoding = 4; lastKnownFileType = file.storyboard; name = LaunchScreen.storyboard; path = Storyboard/LaunchScreen.storyboard; sourceTree = "<group>"; };
/* End PBXFileReference section */

/* Begin PBXFrameworksBuildPhase section */
		705A721F271A808B001327A7 /* Frameworks */ = {
			isa = PBXFrameworksBuildPhase;
			buildActionMask = 2147483647;
			files = (
				700CAE47271B07C8001CE81E /* TomatoProgressThreeColorsFramework.framework in Frameworks */,
			);
			runOnlyForDeploymentPostprocessing = 0;
		};
/* End PBXFrameworksBuildPhase section */

/* Begin PBXGroup section */
		700CAE30271B0606001CE81E /* Frameworks */ = {
			isa = PBXGroup;
			children = (
			);
			name = Frameworks;
			sourceTree = "<group>";
		};
		700CAE41271B07BF001CE81E /* Products */ = {
			isa = PBXGroup;
			children = (
				700CAE45271B07BF001CE81E /* TomatoProgressThreeColorsFramework.framework */,
			);
			name = Products;
			sourceTree = "<group>";
		};
		705A7219271A808B001327A7 = {
			isa = PBXGroup;
			children = (
				700CAE40271B07BF001CE81E /* TomatoProgressThreeColorsFramework.xcodeproj */,
				705A7224271A808C001327A7 /* TomatoPregressThreeColors */,
				705A7223271A808C001327A7 /* Products */,
				700CAE30271B0606001CE81E /* Frameworks */,
			);
			sourceTree = "<group>";
		};
		705A7223271A808C001327A7 /* Products */ = {
			isa = PBXGroup;
			children = (
				705A7222271A808C001327A7 /* TomatoPregressThreeColors.app */,
			);
			name = Products;
			sourceTree = "<group>";
		};
		705A7224271A808C001327A7 /* TomatoPregressThreeColors */ = {
			isa = PBXGroup;
			children = (
				705A7225271A808C001327A7 /* AppDelegate.swift */,
				705A723E271A81C9001327A7 /* New Group */,
				705A7241271A81CE001327A7 /* Progress */,
				705A7240271A81CD001327A7 /* ViewController */,
				705A723F271A81CD001327A7 /* Storyboard */,
				705A722E271A808D001327A7 /* Assets.xcassets */,
				705A7233271A808D001327A7 /* Info.plist */,
			);
			path = TomatoPregressThreeColors;
			sourceTree = "<group>";
		};
		705A723E271A81C9001327A7 /* New Group */ = {
			isa = PBXGroup;
			children = (
			);
			name = "New Group";
			sourceTree = "<group>";
		};
		705A723F271A81CD001327A7 /* Storyboard */ = {
			isa = PBXGroup;
			children = (
				705A7248271A8206001327A7 /* Main.storyboard */,
				705A7249271A8206001327A7 /* LaunchScreen.storyboard */,
			);
			name = Storyboard;
			sourceTree = "<group>";
		};
		705A7240271A81CD001327A7 /* ViewController */ = {
			isa = PBXGroup;
			children = (
				705A7245271A81FE001327A7 /* ViewController.swift */,
			);
			name = ViewController;
			sourceTree = "<group>";
		};
		705A7241271A81CE001327A7 /* Progress */ = {
			isa = PBXGroup;
			children = (
			);
			name = Progress;
			sourceTree = "<group>";
		};
/* End PBXGroup section */

/* Begin PBXNativeTarget section */
		705A7221271A808B001327A7 /* TomatoPregressThreeColors */ = {
			isa = PBXNativeTarget;
			buildConfigurationList = 705A7236271A808D001327A7 /* Build configuration list for PBXNativeTarget "TomatoPregressThreeColors" */;
			buildPhases = (
				705A721E271A808B001327A7 /* Sources */,
				705A721F271A808B001327A7 /* Frameworks */,
				705A7220271A808B001327A7 /* Resources */,
				700CAE33271B0606001CE81E /* Embed Frameworks */,
			);
			buildRules = (
			);
			dependencies = (
			);
			name = TomatoPregressThreeColors;
			productName = TomatoPregressThreeColors;
			productReference = 705A7222271A808C001327A7 /* TomatoPregressThreeColors.app */;
			productType = "com.apple.product-type.application";
		};
/* End PBXNativeTarget section */

/* Begin PBXProject section */
		705A721A271A808B001327A7 /* Project object */ = {
			isa = PBXProject;
			attributes = {
				LastSwiftUpdateCheck = 1240;
				LastUpgradeCheck = 1240;
				TargetAttributes = {
					705A7221271A808B001327A7 = {
						CreatedOnToolsVersion = 12.4;
					};
				};
			};
			buildConfigurationList = 705A721D271A808B001327A7 /* Build configuration list for PBXProject "TomatoPregressThreeColors" */;
			compatibilityVersion = "Xcode 9.3";
			developmentRegion = en;
			hasScannedForEncodings = 0;
			knownRegions = (
				en,
				Base,
			);
			mainGroup = 705A7219271A808B001327A7;
			productRefGroup = 705A7223271A808C001327A7 /* Products */;
			projectDirPath = "";
			projectReferences = (
				{
					ProductGroup = 700CAE41271B07BF001CE81E /* Products */;
					ProjectRef = 700CAE40271B07BF001CE81E /* TomatoProgressThreeColorsFramework.xcodeproj */;
				},
			);
			projectRoot = "";
			targets = (
				705A7221271A808B001327A7 /* TomatoPregressThreeColors */,
			);
		};
/* End PBXProject section */

/* Begin PBXReferenceProxy section */
		700CAE45271B07BF001CE81E /* TomatoProgressThreeColorsFramework.framework */ = {
			isa = PBXReferenceProxy;
			fileType = wrapper.framework;
			path = TomatoProgressThreeColorsFramework.framework;
			remoteRef = 700CAE44271B07BF001CE81E /* PBXContainerItemProxy */;
			sourceTree = BUILT_PRODUCTS_DIR;
		};
/* End PBXReferenceProxy section */

/* Begin PBXResourcesBuildPhase section */
		705A7220271A808B001327A7 /* Resources */ = {
			isa = PBXResourcesBuildPhase;
			buildActionMask = 2147483647;
			files = (
				705A724B271A8206001327A7 /* LaunchScreen.storyboard in Resources */,
				705A722F271A808D001327A7 /* Assets.xcassets in Resources */,
				705A724A271A8206001327A7 /* Main.storyboard in Resources */,
			);
			runOnlyForDeploymentPostprocessing = 0;
		};
/* End PBXResourcesBuildPhase section */

/* Begin PBXSourcesBuildPhase section */
		705A721E271A808B001327A7 /* Sources */ = {
			isa = PBXSourcesBuildPhase;
			buildActionMask = 2147483647;
			files = (
				705A7246271A81FE001327A7 /* ViewController.swift in Sources */,
				705A7226271A808C001327A7 /* AppDelegate.swift in Sources */,
			);
			runOnlyForDeploymentPostprocessing = 0;
		};
/* End PBXSourcesBuildPhase section */

/* Begin XCBuildConfiguration section */
		705A7234271A808D001327A7 /* Debug */ = {
			isa = XCBuildConfiguration;
			buildSettings = {
				ALWAYS_SEARCH_USER_PATHS = NO;
				CLANG_ANALYZER_NONNULL = YES;
				CLANG_ANALYZER_NUMBER_OBJECT_CONVERSION = YES_AGGRESSIVE;
				CLANG_CXX_LANGUAGE_STANDARD = "gnu++14";
				CLANG_CXX_LIBRARY = "libc++";
				CLANG_ENABLE_MODULES = YES;
				CLANG_ENABLE_OBJC_ARC = YES;
				CLANG_ENABLE_OBJC_WEAK = YES;
				CLANG_WARN_BLOCK_CAPTURE_AUTORELEASING = YES;
				CLANG_WARN_BOOL_CONVERSION = YES;
				CLANG_WARN_COMMA = YES;
				CLANG_WARN_CONSTANT_CONVERSION = YES;
				CLANG_WARN_DEPRECATED_OBJC_IMPLEMENTATIONS = YES;
				CLANG_WARN_DIRECT_OBJC_ISA_USAGE = YES_ERROR;
				CLANG_WARN_DOCUMENTATION_COMMENTS = YES;
				CLANG_WARN_EMPTY_BODY = YES;
				CLANG_WARN_ENUM_CONVERSION = YES;
				CLANG_WARN_INFINITE_RECURSION = YES;
				CLANG_WARN_INT_CONVERSION = YES;
				CLANG_WARN_NON_LITERAL_NULL_CONVERSION = YES;
				CLANG_WARN_OBJC_IMPLICIT_RETAIN_SELF = YES;
				CLANG_WARN_OBJC_LITERAL_CONVERSION = YES;
				CLANG_WARN_OBJC_ROOT_CLASS = YES_ERROR;
				CLANG_WARN_QUOTED_INCLUDE_IN_FRAMEWORK_HEADER = YES;
				CLANG_WARN_RANGE_LOOP_ANALYSIS = YES;
				CLANG_WARN_STRICT_PROTOTYPES = YES;
				CLANG_WARN_SUSPICIOUS_MOVE = YES;
				CLANG_WARN_UNGUARDED_AVAILABILITY = YES_AGGRESSIVE;
				CLANG_WARN_UNREACHABLE_CODE = YES;
				CLANG_WARN__DUPLICATE_METHOD_MATCH = YES;
				COPY_PHASE_STRIP = NO;
				DEBUG_INFORMATION_FORMAT = dwarf;
				ENABLE_STRICT_OBJC_MSGSEND = YES;
				ENABLE_TESTABILITY = YES;
				GCC_C_LANGUAGE_STANDARD = gnu11;
				GCC_DYNAMIC_NO_PIC = NO;
				GCC_NO_COMMON_BLOCKS = YES;
				GCC_OPTIMIZATION_LEVEL = 0;
				GCC_PREPROCESSOR_DEFINITIONS = (
					"DEBUG=1",
					"$(inherited)",
				);
				GCC_WARN_64_TO_32_BIT_CONVERSION = YES;
				GCC_WARN_ABOUT_RETURN_TYPE = YES_ERROR;
				GCC_WARN_UNDECLARED_SELECTOR = YES;
				GCC_WARN_UNINITIALIZED_AUTOS = YES_AGGRESSIVE;
				GCC_WARN_UNUSED_FUNCTION = YES;
				GCC_WARN_UNUSED_VARIABLE = YES;
				IPHONEOS_DEPLOYMENT_TARGET = 11.0;
				MTL_ENABLE_DEBUG_INFO = INCLUDE_SOURCE;
				MTL_FAST_MATH = YES;
				ONLY_ACTIVE_ARCH = YES;
				SDKROOT = iphoneos;
				SWIFT_ACTIVE_COMPILATION_CONDITIONS = DEBUG;
				SWIFT_OPTIMIZATION_LEVEL = "-Onone";
			};
			name = Debug;
		};
		705A7235271A808D001327A7 /* Release */ = {
			isa = XCBuildConfiguration;
			buildSettings = {
				ALWAYS_SEARCH_USER_PATHS = NO;
				CLANG_ANALYZER_NONNULL = YES;
				CLANG_ANALYZER_NUMBER_OBJECT_CONVERSION = YES_AGGRESSIVE;
				CLANG_CXX_LANGUAGE_STANDARD = "gnu++14";
				CLANG_CXX_LIBRARY = "libc++";
				CLANG_ENABLE_MODULES = YES;
				CLANG_ENABLE_OBJC_ARC = YES;
				CLANG_ENABLE_OBJC_WEAK = YES;
				CLANG_WARN_BLOCK_CAPTURE_AUTORELEASING = YES;
				CLANG_WARN_BOOL_CONVERSION = YES;
				CLANG_WARN_COMMA = YES;
				CLANG_WARN_CONSTANT_CONVERSION = YES;
				CLANG_WARN_DEPRECATED_OBJC_IMPLEMENTATIONS = YES;
				CLANG_WARN_DIRECT_OBJC_ISA_USAGE = YES_ERROR;
				CLANG_WARN_DOCUMENTATION_COMMENTS = YES;
				CLANG_WARN_EMPTY_BODY = YES;
				CLANG_WARN_ENUM_CONVERSION = YES;
				CLANG_WARN_INFINITE_RECURSION = YES;
				CLANG_WARN_INT_CONVERSION = YES;
				CLANG_WARN_NON_LITERAL_NULL_CONVERSION = YES;
				CLANG_WARN_OBJC_IMPLICIT_RETAIN_SELF = YES;
				CLANG_WARN_OBJC_LITERAL_CONVERSION = YES;
				CLANG_WARN_OBJC_ROOT_CLASS = YES_ERROR;
				CLANG_WARN_QUOTED_INCLUDE_IN_FRAMEWORK_HEADER = YES;
				CLANG_WARN_RANGE_LOOP_ANALYSIS = YES;
				CLANG_WARN_STRICT_PROTOTYPES = YES;
				CLANG_WARN_SUSPICIOUS_MOVE = YES;
				CLANG_WARN_UNGUARDED_AVAILABILITY = YES_AGGRESSIVE;
				CLANG_WARN_UNREACHABLE_CODE = YES;
				CLANG_WARN__DUPLICATE_METHOD_MATCH = YES;
				COPY_PHASE_STRIP = NO;
				DEBUG_INFORMATION_FORMAT = "dwarf-with-dsym";
				ENABLE_NS_ASSERTIONS = NO;
				ENABLE_STRICT_OBJC_MSGSEND = YES;
				GCC_C_LANGUAGE_STANDARD = gnu11;
				GCC_NO_COMMON_BLOCKS = YES;
				GCC_WARN_64_TO_32_BIT_CONVERSION = YES;
				GCC_WARN_ABOUT_RETURN_TYPE = YES_ERROR;
				GCC_WARN_UNDECLARED_SELECTOR = YES;
				GCC_WARN_UNINITIALIZED_AUTOS = YES_AGGRESSIVE;
				GCC_WARN_UNUSED_FUNCTION = YES;
				GCC_WARN_UNUSED_VARIABLE = YES;
				IPHONEOS_DEPLOYMENT_TARGET = 11.0;
				MTL_ENABLE_DEBUG_INFO = NO;
				MTL_FAST_MATH = YES;
				SDKROOT = iphoneos;
				SWIFT_COMPILATION_MODE = wholemodule;
				SWIFT_OPTIMIZATION_LEVEL = "-O";
				VALIDATE_PRODUCT = YES;
			};
			name = Release;
		};
		705A7237271A808D001327A7 /* Debug */ = {
			isa = XCBuildConfiguration;
			buildSettings = {
				ASSETCATALOG_COMPILER_APPICON_NAME = AppIcon;
				ASSETCATALOG_COMPILER_GLOBAL_ACCENT_COLOR_NAME = AccentColor;
				CODE_SIGN_STYLE = Automatic;
				CURRENT_PROJECT_VERSION = 1000;
				DEVELOPMENT_TEAM = 9XNEX783H5;
				INFOPLIST_FILE = TomatoPregressThreeColors/Info.plist;
				LD_RUNPATH_SEARCH_PATHS = (
					"$(inherited)",
					"@executable_path/Frameworks",
				);
				MARKETING_VERSION = 1.0.0;
				PRODUCT_BUNDLE_IDENTIFIER = net.mhvt.TomatoPregressThreeColors;
				PRODUCT_NAME = "$(TARGET_NAME)";
				SWIFT_VERSION = 5.0;
				TARGETED_DEVICE_FAMILY = 1;
			};
			name = Debug;
		};
		705A7238271A808D001327A7 /* Release */ = {
			isa = XCBuildConfiguration;
			buildSettings = {
				ASSETCATALOG_COMPILER_APPICON_NAME = AppIcon;
				ASSETCATALOG_COMPILER_GLOBAL_ACCENT_COLOR_NAME = AccentColor;
				CODE_SIGN_STYLE = Automatic;
				CURRENT_PROJECT_VERSION = 1000;
				DEVELOPMENT_TEAM = 9XNEX783H5;
				INFOPLIST_FILE = TomatoPregressThreeColors/Info.plist;
				LD_RUNPATH_SEARCH_PATHS = (
					"$(inherited)",
					"@executable_path/Frameworks",
				);
				MARKETING_VERSION = 1.0.0;
				PRODUCT_BUNDLE_IDENTIFIER = net.mhvt.TomatoPregressThreeColors;
				PRODUCT_NAME = "$(TARGET_NAME)";
				SWIFT_VERSION = 5.0;
				TARGETED_DEVICE_FAMILY = 1;
			};
			name = Release;
		};
/* End XCBuildConfiguration section */

/* Begin XCConfigurationList section */
		705A721D271A808B001327A7 /* Build configuration list for PBXProject "TomatoPregressThreeColors" */ = {
			isa = XCConfigurationList;
			buildConfigurations = (
				705A7234271A808D001327A7 /* Debug */,
				705A7235271A808D001327A7 /* Release */,
			);
			defaultConfigurationIsVisible = 0;
			defaultConfigurationName = Release;
		};
		705A7236271A808D001327A7 /* Build configuration list for PBXNativeTarget "TomatoPregressThreeColors" */ = {
			isa = XCConfigurationList;
			buildConfigurations = (
				705A7237271A808D001327A7 /* Debug */,
				705A7238271A808D001327A7 /* Release */,
			);
			defaultConfigurationIsVisible = 0;
			defaultConfigurationName = Release;
		};
/* End XCConfigurationList section */
	};
	rootObject = 705A721A271A808B001327A7 /* Project object */;
}
